// !$*UTF8*$!
{
	archiveVersion = 1;
	classes = {
	};
	objectVersion = 77;
	objects = {

/* Begin PBXBuildFile section */
		92F4AEF12EF1D0FB00C516A8 /* README.md in Resources */ = {isa = PBXBuildFile; fileRef = 92F4AEEF2EF1D0FB00C516A8 /* README.md */; };
		92F4AEF22EF1D0FB00C516A8 /* WHAT_I_LEARNED.md in Resources */ = {isa = PBXBuildFile; fileRef = 92F4AEF02EF1D0FB00C516A8 /* WHAT_I_LEARNED.md */; };
/* End PBXBuildFile section */

/* Begin PBXContainerItemProxy section */
		92F4AED02EF163FF00C516A8 /* PBXContainerItemProxy */ = {
			isa = PBXContainerItemProxy;
			containerPortal = 92F4AEB12EF163FE00C516A8 /* Project object */;
			proxyType = 1;
			remoteGlobalIDString = 92F4AEB82EF163FE00C516A8;
			remoteInfo = Metal_Fundamentals;
		};
		92F4AEDA2EF163FF00C516A8 /* PBXContainerItemProxy */ = {
			isa = PBXContainerItemProxy;
			containerPortal = 92F4AEB12EF163FE00C516A8 /* Project object */;
			proxyType = 1;
			remoteGlobalIDString = 92F4AEB82EF163FE00C516A8;
			remoteInfo = Metal_Fundamentals;
		};
/* End PBXContainerItemProxy section */

/* Begin PBXFileReference section */
		92F4AEB92EF163FE00C516A8 /* Metal_Fundamentals.app */ = {isa = PBXFileReference; explicitFileType = wrapper.application; includeInIndex = 0; path = Metal_Fundamentals.app; sourceTree = BUILT_PRODUCTS_DIR; };
		92F4AECF2EF163FF00C516A8 /* Metal_FundamentalsTests.xctest */ = {isa = PBXFileReference; explicitFileType = wrapper.cfbundle; includeInIndex = 0; path = Metal_FundamentalsTests.xctest; sourceTree = BUILT_PRODUCTS_DIR; };
		92F4AED92EF163FF00C516A8 /* Metal_FundamentalsUITests.xctest */ = {isa = PBXFileReference; explicitFileType = wrapper.cfbundle; includeInIndex = 0; path = Metal_FundamentalsUITests.xctest; sourceTree = BUILT_PRODUCTS_DIR; };
		92F4AEEF2EF1D0FB00C516A8 /* README.md */ = {isa = PBXFileReference; lastKnownFileType = net.daringfireball.markdown; path = README.md; sourceTree = "<group>"; };
		92F4AEF02EF1D0FB00C516A8 /* WHAT_I_LEARNED.md */ = {isa = PBXFileReference; lastKnownFileType = net.daringfireball.markdown; path = WHAT_I_LEARNED.md; sourceTree = "<group>"; };
/* End PBXFileReference section */

/* Begin PBXFileSystemSynchronizedBuildFileExceptionSet section */
		92F4AEE12EF163FF00C516A8 /* Exceptions for "Metal_Fundamentals" folder in "Metal_Fundamentals" target */ = {
			isa = PBXFileSystemSynchronizedBuildFileExceptionSet;
			membershipExceptions = (
				Info.plist,
			);
			target = 92F4AEB82EF163FE00C516A8 /* Metal_Fundamentals */;
		};
/* End PBXFileSystemSynchronizedBuildFileExceptionSet section */

/* Begin PBXFileSystemSynchronizedRootGroup section */
		92F4AEBB2EF163FE00C516A8 /* Metal_Fundamentals */ = {
			isa = PBXFileSystemSynchronizedRootGroup;
			exceptions = (
				92F4AEE12EF163FF00C516A8 /* Exceptions for "Metal_Fundamentals" folder in "Metal_Fundamentals" target */,
			);
			path = Metal_Fundamentals;
			sourceTree = "<group>";
		};
		92F4AED22EF163FF00C516A8 /* Metal_FundamentalsTests */ = {
			isa = PBXFileSystemSynchronizedRootGroup;
			path = Metal_FundamentalsTests;
			sourceTree = "<group>";
		};
		92F4AEDC2EF163FF00C516A8 /* Metal_FundamentalsUITests */ = {
			isa = PBXFileSystemSynchronizedRootGroup;
			path = Metal_FundamentalsUITests;
			sourceTree = "<group>";
		};
/* End PBXFileSystemSynchronizedRootGroup section */

/* Begin PBXFrameworksBuildPhase section */
		92F4AEB62EF163FE00C516A8 /* Frameworks */ = {
			isa = PBXFrameworksBuildPhase;
			buildActionMask = 2147483647;
			files = (
			);
			runOnlyForDeploymentPostprocessing = 0;
		};
		92F4AECC2EF163FF00C516A8 /* Frameworks */ = {
			isa = PBXFrameworksBuildPhase;
			buildActionMask = 2147483647;
			files = (
			);
			runOnlyForDeploymentPostprocessing = 0;
		};
		92F4AED62EF163FF00C516A8 /* Frameworks */ = {
			isa = PBXFrameworksBuildPhase;
			buildActionMask = 2147483647;
			files = (
			);
			runOnlyForDeploymentPostprocessing = 0;
		};
/* End PBXFrameworksBuildPhase section */

/* Begin PBXGroup section */
		92F4AEB02EF163FE00C516A8 = {
			isa = PBXGroup;
			children = (
				92F4AEEF2EF1D0FB00C516A8 /* README.md */,
				92F4AEF02EF1D0FB00C516A8 /* WHAT_I_LEARNED.md */,
				92F4AEBB2EF163FE00C516A8 /* Metal_Fundamentals */,
				92F4AED22EF163FF00C516A8 /* Metal_FundamentalsTests */,
				92F4AEDC2EF163FF00C516A8 /* Metal_FundamentalsUITests */,
				92F4AEBA2EF163FE00C516A8 /* Products */,
			);
			sourceTree = "<group>";
		};
		92F4AEBA2EF163FE00C516A8 /* Products */ = {
			isa = PBXGroup;
			children = (
				92F4AEB92EF163FE00C516A8 /* Metal_Fundamentals.app */,
				92F4AECF2EF163FF00C516A8 /* Metal_FundamentalsTests.xctest */,
				92F4AED92EF163FF00C516A8 /* Metal_FundamentalsUITests.xctest */,
			);
			name = Products;
			sourceTree = "<group>";
		};
/* End PBXGroup section */

/* Begin PBXNativeTarget section */
		92F4AEB82EF163FE00C516A8 /* Metal_Fundamentals */ = {
			isa = PBXNativeTarget;
			buildConfigurationList = 92F4AEE22EF163FF00C516A8 /* Build configuration list for PBXNativeTarget "Metal_Fundamentals" */;
			buildPhases = (
				92F4AEB52EF163FE00C516A8 /* Sources */,
				92F4AEB62EF163FE00C516A8 /* Frameworks */,
				92F4AEB72EF163FE00C516A8 /* Resources */,
			);
			buildRules = (
			);
			dependencies = (
			);
			fileSystemSynchronizedGroups = (
				92F4AEBB2EF163FE00C516A8 /* Metal_Fundamentals */,
			);
			name = Metal_Fundamentals;
			packageProductDependencies = (
			);
			productName = Metal_Fundamentals;
			productReference = 92F4AEB92EF163FE00C516A8 /* Metal_Fundamentals.app */;
			productType = "com.apple.product-type.application";
		};
		92F4AECE2EF163FF00C516A8 /* Metal_FundamentalsTests */ = {
			isa = PBXNativeTarget;
			buildConfigurationList = 92F4AEE72EF163FF00C516A8 /* Build configuration list for PBXNativeTarget "Metal_FundamentalsTests" */;
			buildPhases = (
				92F4AECB2EF163FF00C516A8 /* Sources */,
				92F4AECC2EF163FF00C516A8 /* Frameworks */,
				92F4AECD2EF163FF00C516A8 /* Resources */,
			);
			buildRules = (
			);
			dependencies = (
				92F4AED12EF163FF00C516A8 /* PBXTargetDependency */,
			);
			fileSystemSynchronizedGroups = (
				92F4AED22EF163FF00C516A8 /* Metal_FundamentalsTests */,
			);
			name = Metal_FundamentalsTests;
			packageProductDependencies = (
			);
			productName = Metal_FundamentalsTests;
			productReference = 92F4AECF2EF163FF00C516A8 /* Metal_FundamentalsTests.xctest */;
			productType = "com.apple.product-type.bundle.unit-test";
		};
		92F4AED82EF163FF00C516A8 /* Metal_FundamentalsUITests */ = {
			isa = PBXNativeTarget;
			buildConfigurationList = 92F4AEEA2EF163FF00C516A8 /* Build configuration list for PBXNativeTarget "Metal_FundamentalsUITests" */;
			buildPhases = (
				92F4AED52EF163FF00C516A8 /* Sources */,
				92F4AED62EF163FF00C516A8 /* Frameworks */,
				92F4AED72EF163FF00C516A8 /* Resources */,
			);
			buildRules = (
			);
			dependencies = (
				92F4AEDB2EF163FF00C516A8 /* PBXTargetDependency */,
			);
			fileSystemSynchronizedGroups = (
				92F4AEDC2EF163FF00C516A8 /* Metal_FundamentalsUITests */,
			);
			name = Metal_FundamentalsUITests;
			packageProductDependencies = (
			);
			productName = Metal_FundamentalsUITests;
			productReference = 92F4AED92EF163FF00C516A8 /* Metal_FundamentalsUITests.xctest */;
			productType = "com.apple.product-type.bundle.ui-testing";
		};
/* End PBXNativeTarget section */

/* Begin PBXProject section */
		92F4AEB12EF163FE00C516A8 /* Project object */ = {
			isa = PBXProject;
			attributes = {
				BuildIndependentTargetsInParallel = 1;
				LastSwiftUpdateCheck = 2610;
				LastUpgradeCheck = 2610;
				TargetAttributes = {
					92F4AEB82EF163FE00C516A8 = {
						CreatedOnToolsVersion = 26.1.1;
					};
					92F4AECE2EF163FF00C516A8 = {
						CreatedOnToolsVersion = 26.1.1;
						TestTargetID = 92F4AEB82EF163FE00C516A8;
					};
					92F4AED82EF163FF00C516A8 = {
						CreatedOnToolsVersion = 26.1.1;
						TestTargetID = 92F4AEB82EF163FE00C516A8;
					};
				};
			};
			buildConfigurationList = 92F4AEB42EF163FE00C516A8 /* Build configuration list for PBXProject "Metal_Fundamentals" */;
			developmentRegion = en;
			hasScannedForEncodings = 0;
			knownRegions = (
				en,
				Base,
			);
			mainGroup = 92F4AEB02EF163FE00C516A8;
			minimizedProjectReferenceProxies = 1;
			preferredProjectObjectVersion = 77;
			productRefGroup = 92F4AEBA2EF163FE00C516A8 /* Products */;
			projectDirPath = "";
			projectRoot = "";
			targets = (
				92F4AEB82EF163FE00C516A8 /* Metal_Fundamentals */,
				92F4AECE2EF163FF00C516A8 /* Metal_FundamentalsTests */,
				92F4AED82EF163FF00C516A8 /* Metal_FundamentalsUITests */,
			);
		};
/* End PBXProject section */

/* Begin PBXResourcesBuildPhase section */
		92F4AEB72EF163FE00C516A8 /* Resources */ = {
			isa = PBXResourcesBuildPhase;
			buildActionMask = 2147483647;
			files = (
				92F4AEF12EF1D0FB00C516A8 /* README.md in Resources */,
				92F4AEF22EF1D0FB00C516A8 /* WHAT_I_LEARNED.md in Resources */,
			);
			runOnlyForDeploymentPostprocessing = 0;
		};
		92F4AECD2EF163FF00C516A8 /* Resources */ = {
			isa = PBXResourcesBuildPhase;
			buildActionMask = 2147483647;
			files = (
			);
			runOnlyForDeploymentPostprocessing = 0;
		};
		92F4AED72EF163FF00C516A8 /* Resources */ = {
			isa = PBXResourcesBuildPhase;
			buildActionMask = 2147483647;
			files = (
			);
			runOnlyForDeploymentPostprocessing = 0;
		};
/* End PBXResourcesBuildPhase section */

/* Begin PBXSourcesBuildPhase section */
		92F4AEB52EF163FE00C516A8 /* Sources */ = {
			isa = PBXSourcesBuildPhase;
			buildActionMask = 2147483647;
			files = (
			);
			runOnlyForDeploymentPostprocessing = 0;
		};
		92F4AECB2EF163FF00C516A8 /* Sources */ = {
			isa = PBXSourcesBuildPhase;
			buildActionMask = 2147483647;
			files = (
			);
			runOnlyForDeploymentPostprocessing = 0;
		};
		92F4AED52EF163FF00C516A8 /* Sources */ = {
			isa = PBXSourcesBuildPhase;
			buildActionMask = 2147483647;
			files = (
			);
			runOnlyForDeploymentPostprocessing = 0;
		};
/* End PBXSourcesBuildPhase section */

/* Begin PBXTargetDependency section */
		92F4AED12EF163FF00C516A8 /* PBXTargetDependency */ = {
			isa = PBXTargetDependency;
			target = 92F4AEB82EF163FE00C516A8 /* Metal_Fundamentals */;
			targetProxy = 92F4AED02EF163FF00C516A8 /* PBXContainerItemProxy */;
		};
		92F4AEDB2EF163FF00C516A8 /* PBXTargetDependency */ = {
			isa = PBXTargetDependency;
			target = 92F4AEB82EF163FE00C516A8 /* Metal_Fundamentals */;
			targetProxy = 92F4AEDA2EF163FF00C516A8 /* PBXContainerItemProxy */;
		};
/* End PBXTargetDependency section */

/* Begin XCBuildConfiguration section */
		92F4AEE32EF163FF00C516A8 /* Debug */ = {
			isa = XCBuildConfiguration;
			buildSettings = {
				ASSETCATALOG_COMPILER_APPICON_NAME = AppIcon;
				ASSETCATALOG_COMPILER_GLOBAL_ACCENT_COLOR_NAME = AccentColor;
				CODE_SIGN_STYLE = Automatic;
				CURRENT_PROJECT_VERSION = 1;
				GENERATE_INFOPLIST_FILE = YES;
				INFOPLIST_FILE = Metal_Fundamentals/Info.plist;
				INFOPLIST_KEY_UIApplicationSupportsIndirectInputEvents = YES;
				INFOPLIST_KEY_UILaunchStoryboardName = LaunchScreen;
				INFOPLIST_KEY_UIMainStoryboardFile = Main;
				INFOPLIST_KEY_UISupportedInterfaceOrientations_iPad = "UIInterfaceOrientationPortrait UIInterfaceOrientationPortraitUpsideDown UIInterfaceOrientationLandscapeLeft UIInterfaceOrientationLandscapeRight";
				INFOPLIST_KEY_UISupportedInterfaceOrientations_iPhone = "UIInterfaceOrientationPortrait UIInterfaceOrientationLandscapeLeft UIInterfaceOrientationLandscapeRight";
				LD_RUNPATH_SEARCH_PATHS = (
					"$(inherited)",
					"@executable_path/Frameworks",
				);
				MARKETING_VERSION = 1.0;
				PRODUCT_BUNDLE_IDENTIFIER = "com.Metal-Fundamentals";
				PRODUCT_NAME = "$(TARGET_NAME)";
				STRING_CATALOG_GENERATE_SYMBOLS = YES;
				SWIFT_APPROACHABLE_CONCURRENCY = YES;
				SWIFT_DEFAULT_ACTOR_ISOLATION = MainActor;
				SWIFT_EMIT_LOC_STRINGS = YES;
				SWIFT_UPCOMING_FEATURE_MEMBER_IMPORT_VISIBILITY = YES;
				SWIFT_VERSION = 5.0;
				TARGETED_DEVICE_FAMILY = "1,2";
			};
			name = Debug;
		};
		92F4AEE42EF163FF00C516A8 /* Release */ = {
			isa = XCBuildConfiguration;
			buildSettings = {
				ASSETCATALOG_COMPILER_APPICON_NAME = AppIcon;
				ASSETCATALOG_COMPILER_GLOBAL_ACCENT_COLOR_NAME = AccentColor;
				CODE_SIGN_STYLE = Automatic;
				CURRENT_PROJECT_VERSION = 1;
				GENERATE_INFOPLIST_FILE = YES;
				INFOPLIST_FILE = Metal_Fundamentals/Info.plist;
				INFOPLIST_KEY_UIApplicationSupportsIndirectInputEvents = YES;
				INFOPLIST_KEY_UILaunchStoryboardName = LaunchScreen;
				INFOPLIST_KEY_UIMainStoryboardFile = Main;
				INFOPLIST_KEY_UISupportedInterfaceOrientations_iPad = "UIInterfaceOrientationPortrait UIInterfaceOrientationPortraitUpsideDown UIInterfaceOrientationLandscapeLeft UIInterfaceOrientationLandscapeRight";
				INFOPLIST_KEY_UISupportedInterfaceOrientations_iPhone = "UIInterfaceOrientationPortrait UIInterfaceOrientationLandscapeLeft UIInterfaceOrientationLandscapeRight";
				LD_RUNPATH_SEARCH_PATHS = (
					"$(inherited)",
					"@executable_path/Frameworks",
				);
				MARKETING_VERSION = 1.0;
				PRODUCT_BUNDLE_IDENTIFIER = "com.Metal-Fundamentals";
				PRODUCT_NAME = "$(TARGET_NAME)";
				STRING_CATALOG_GENERATE_SYMBOLS = YES;
				SWIFT_APPROACHABLE_CONCURRENCY = YES;
				SWIFT_DEFAULT_ACTOR_ISOLATION = MainActor;
				SWIFT_EMIT_LOC_STRINGS = YES;
				SWIFT_UPCOMING_FEATURE_MEMBER_IMPORT_VISIBILITY = YES;
				SWIFT_VERSION = 5.0;
				TARGETED_DEVICE_FAMILY = "1,2";
			};
			name = Release;
		};
		92F4AEE52EF163FF00C516A8 /* Debug */ = {
			isa = XCBuildConfiguration;
			buildSettings = {
				ALWAYS_SEARCH_USER_PATHS = NO;
				ASSETCATALOG_COMPILER_GENERATE_SWIFT_ASSET_SYMBOL_EXTENSIONS = YES;
				CLANG_ANALYZER_NONNULL = YES;
				CLANG_ANALYZER_NUMBER_OBJECT_CONVERSION = YES_AGGRESSIVE;
				CLANG_CXX_LANGUAGE_STANDARD = "gnu++20";
				CLANG_ENABLE_MODULES = YES;
				CLANG_ENABLE_OBJC_ARC = YES;
				CLANG_ENABLE_OBJC_WEAK = YES;
				CLANG_WARN_BLOCK_CAPTURE_AUTORELEASING = YES;
				CLANG_WARN_BOOL_CONVERSION = YES;
				CLANG_WARN_COMMA = YES;
				CLANG_WARN_CONSTANT_CONVERSION = YES;
				CLANG_WARN_DEPRECATED_OBJC_IMPLEMENTATIONS = YES;
				CLANG_WARN_DIRECT_OBJC_ISA_USAGE = YES_ERROR;
				CLANG_WARN_DOCUMENTATION_COMMENTS = YES;
				CLANG_WARN_EMPTY_BODY = YES;
				CLANG_WARN_ENUM_CONVERSION = YES;
				CLANG_WARN_INFINITE_RECURSION = YES;
				CLANG_WARN_INT_CONVERSION = YES;
				CLANG_WARN_NON_LITERAL_NULL_CONVERSION = YES;
				CLANG_WARN_OBJC_IMPLICIT_RETAIN_SELF = YES;
				CLANG_WARN_OBJC_LITERAL_CONVERSION = YES;
				CLANG_WARN_OBJC_ROOT_CLASS = YES_ERROR;
				CLANG_WARN_QUOTED_INCLUDE_IN_FRAMEWORK_HEADER = YES;
				CLANG_WARN_RANGE_LOOP_ANALYSIS = YES;
				CLANG_WARN_STRICT_PROTOTYPES = YES;
				CLANG_WARN_SUSPICIOUS_MOVE = YES;
				CLANG_WARN_UNGUARDED_AVAILABILITY = YES_AGGRESSIVE;
				CLANG_WARN_UNREACHABLE_CODE = YES;
				CLANG_WARN__DUPLICATE_METHOD_MATCH = YES;
				COPY_PHASE_STRIP = NO;
				DEBUG_INFORMATION_FORMAT = dwarf;
				ENABLE_STRICT_OBJC_MSGSEND = YES;
				ENABLE_TESTABILITY = YES;
				ENABLE_USER_SCRIPT_SANDBOXING = YES;
				GCC_C_LANGUAGE_STANDARD = gnu17;
				GCC_DYNAMIC_NO_PIC = NO;
				GCC_NO_COMMON_BLOCKS = YES;
				GCC_OPTIMIZATION_LEVEL = 0;
				GCC_PREPROCESSOR_DEFINITIONS = (
					"DEBUG=1",
					"$(inherited)",
				);
				GCC_WARN_64_TO_32_BIT_CONVERSION = YES;
				GCC_WARN_ABOUT_RETURN_TYPE = YES_ERROR;
				GCC_WARN_UNDECLARED_SELECTOR = YES;
				GCC_WARN_UNINITIALIZED_AUTOS = YES_AGGRESSIVE;
				GCC_WARN_UNUSED_FUNCTION = YES;
				GCC_WARN_UNUSED_VARIABLE = YES;
				IPHONEOS_DEPLOYMENT_TARGET = 26.1;
				LOCALIZATION_PREFERS_STRING_CATALOGS = YES;
				MTL_ENABLE_DEBUG_INFO = INCLUDE_SOURCE;
				MTL_FAST_MATH = YES;
				ONLY_ACTIVE_ARCH = YES;
				SDKROOT = iphoneos;
				SWIFT_ACTIVE_COMPILATION_CONDITIONS = "DEBUG $(inherited)";
				SWIFT_OPTIMIZATION_LEVEL = "-Onone";
			};
			name = Debug;
		};
		92F4AEE62EF163FF00C516A8 /* Release */ = {
			isa = XCBuildConfiguration;
			buildSettings = {
				ALWAYS_SEARCH_USER_PATHS = NO;
				ASSETCATALOG_COMPILER_GENERATE_SWIFT_ASSET_SYMBOL_EXTENSIONS = YES;
				CLANG_ANALYZER_NONNULL = YES;
				CLANG_ANALYZER_NUMBER_OBJECT_CONVERSION = YES_AGGRESSIVE;
				CLANG_CXX_LANGUAGE_STANDARD = "gnu++20";
				CLANG_ENABLE_MODULES = YES;
				CLANG_ENABLE_OBJC_ARC = YES;
				CLANG_ENABLE_OBJC_WEAK = YES;
				CLANG_WARN_BLOCK_CAPTURE_AUTORELEASING = YES;
				CLANG_WARN_BOOL_CONVERSION = YES;
				CLANG_WARN_COMMA = YES;
				CLANG_WARN_CONSTANT_CONVERSION = YES;
				CLANG_WARN_DEPRECATED_OBJC_IMPLEMENTATIONS = YES;
				CLANG_WARN_DIRECT_OBJC_ISA_USAGE = YES_ERROR;
				CLANG_WARN_DOCUMENTATION_COMMENTS = YES;
				CLANG_WARN_EMPTY_BODY = YES;
				CLANG_WARN_ENUM_CONVERSION = YES;
				CLANG_WARN_INFINITE_RECURSION = YES;
				CLANG_WARN_INT_CONVERSION = YES;
				CLANG_WARN_NON_LITERAL_NULL_CONVERSION = YES;
				CLANG_WARN_OBJC_IMPLICIT_RETAIN_SELF = YES;
				CLANG_WARN_OBJC_LITERAL_CONVERSION = YES;
				CLANG_WARN_OBJC_ROOT_CLASS = YES_ERROR;
				CLANG_WARN_QUOTED_INCLUDE_IN_FRAMEWORK_HEADER = YES;
				CLANG_WARN_RANGE_LOOP_ANALYSIS = YES;
				CLANG_WARN_STRICT_PROTOTYPES = YES;
				CLANG_WARN_SUSPICIOUS_MOVE = YES;
				CLANG_WARN_UNGUARDED_AVAILABILITY = YES_AGGRESSIVE;
				CLANG_WARN_UNREACHABLE_CODE = YES;
				CLANG_WARN__DUPLICATE_METHOD_MATCH = YES;
				COPY_PHASE_STRIP = NO;
				DEBUG_INFORMATION_FORMAT = "dwarf-with-dsym";
				ENABLE_NS_ASSERTIONS = NO;
				ENABLE_STRICT_OBJC_MSGSEND = YES;
				ENABLE_USER_SCRIPT_SANDBOXING = YES;
				GCC_C_LANGUAGE_STANDARD = gnu17;
				GCC_NO_COMMON_BLOCKS = YES;
				GCC_WARN_64_TO_32_BIT_CONVERSION = YES;
				GCC_WARN_ABOUT_RETURN_TYPE = YES_ERROR;
				GCC_WARN_UNDECLARED_SELECTOR = YES;
				GCC_WARN_UNINITIALIZED_AUTOS = YES_AGGRESSIVE;
				GCC_WARN_UNUSED_FUNCTION = YES;
				GCC_WARN_UNUSED_VARIABLE = YES;
				IPHONEOS_DEPLOYMENT_TARGET = 26.1;
				LOCALIZATION_PREFERS_STRING_CATALOGS = YES;
				MTL_ENABLE_DEBUG_INFO = NO;
				MTL_FAST_MATH = YES;
				SDKROOT = iphoneos;
				SWIFT_COMPILATION_MODE = wholemodule;
				VALIDATE_PRODUCT = YES;
			};
			name = Release;
		};
		92F4AEE82EF163FF00C516A8 /* Debug */ = {
			isa = XCBuildConfiguration;
			buildSettings = {
				BUNDLE_LOADER = "$(TEST_HOST)";
				CODE_SIGN_STYLE = Automatic;
				CURRENT_PROJECT_VERSION = 1;
				GENERATE_INFOPLIST_FILE = YES;
				IPHONEOS_DEPLOYMENT_TARGET = 26.1;
				MARKETING_VERSION = 1.0;
				PRODUCT_BUNDLE_IDENTIFIER = "com.Metal-FundamentalsTests";
				PRODUCT_NAME = "$(TARGET_NAME)";
				STRING_CATALOG_GENERATE_SYMBOLS = NO;
				SWIFT_APPROACHABLE_CONCURRENCY = YES;
				SWIFT_EMIT_LOC_STRINGS = NO;
				SWIFT_UPCOMING_FEATURE_MEMBER_IMPORT_VISIBILITY = YES;
				SWIFT_VERSION = 5.0;
				TARGETED_DEVICE_FAMILY = "1,2";
				TEST_HOST = "$(BUILT_PRODUCTS_DIR)/Metal_Fundamentals.app/$(BUNDLE_EXECUTABLE_FOLDER_PATH)/Metal_Fundamentals";
			};
			name = Debug;
		};
		92F4AEE92EF163FF00C516A8 /* Release */ = {
			isa = XCBuildConfiguration;
			buildSettings = {
				BUNDLE_LOADER = "$(TEST_HOST)";
				CODE_SIGN_STYLE = Automatic;
				CURRENT_PROJECT_VERSION = 1;
				GENERATE_INFOPLIST_FILE = YES;
				IPHONEOS_DEPLOYMENT_TARGET = 26.1;
				MARKETING_VERSION = 1.0;
				PRODUCT_BUNDLE_IDENTIFIER = "com.Metal-FundamentalsTests";
				PRODUCT_NAME = "$(TARGET_NAME)";
				STRING_CATALOG_GENERATE_SYMBOLS = NO;
				SWIFT_APPROACHABLE_CONCURRENCY = YES;
				SWIFT_EMIT_LOC_STRINGS = NO;
				SWIFT_UPCOMING_FEATURE_MEMBER_IMPORT_VISIBILITY = YES;
				SWIFT_VERSION = 5.0;
				TARGETED_DEVICE_FAMILY = "1,2";
				TEST_HOST = "$(BUILT_PRODUCTS_DIR)/Metal_Fundamentals.app/$(BUNDLE_EXECUTABLE_FOLDER_PATH)/Metal_Fundamentals";
			};
			name = Release;
		};
		92F4AEEB2EF163FF00C516A8 /* Debug */ = {
			isa = XCBuildConfiguration;
			buildSettings = {
				CODE_SIGN_STYLE = Automatic;
				CURRENT_PROJECT_VERSION = 1;
				GENERATE_INFOPLIST_FILE = YES;
				MARKETING_VERSION = 1.0;
				PRODUCT_BUNDLE_IDENTIFIER = "com.Metal-FundamentalsUITests";
				PRODUCT_NAME = "$(TARGET_NAME)";
				STRING_CATALOG_GENERATE_SYMBOLS = NO;
				SWIFT_APPROACHABLE_CONCURRENCY = YES;
				SWIFT_EMIT_LOC_STRINGS = NO;
				SWIFT_UPCOMING_FEATURE_MEMBER_IMPORT_VISIBILITY = YES;
				SWIFT_VERSION = 5.0;
				TARGETED_DEVICE_FAMILY = "1,2";
				TEST_TARGET_NAME = Metal_Fundamentals;
			};
			name = Debug;
		};
		92F4AEEC2EF163FF00C516A8 /* Release */ = {
			isa = XCBuildConfiguration;
			buildSettings = {
				CODE_SIGN_STYLE = Automatic;
				CURRENT_PROJECT_VERSION = 1;
				GENERATE_INFOPLIST_FILE = YES;
				MARKETING_VERSION = 1.0;
				PRODUCT_BUNDLE_IDENTIFIER = "com.Metal-FundamentalsUITests";
				PRODUCT_NAME = "$(TARGET_NAME)";
				STRING_CATALOG_GENERATE_SYMBOLS = NO;
				SWIFT_APPROACHABLE_CONCURRENCY = YES;
				SWIFT_EMIT_LOC_STRINGS = NO;
				SWIFT_UPCOMING_FEATURE_MEMBER_IMPORT_VISIBILITY = YES;
				SWIFT_VERSION = 5.0;
				TARGETED_DEVICE_FAMILY = "1,2";
				TEST_TARGET_NAME = Metal_Fundamentals;
			};
			name = Release;
		};
/* End XCBuildConfiguration section */

/* Begin XCConfigurationList section */
		92F4AEB42EF163FE00C516A8 /* Build configuration list for PBXProject "Metal_Fundamentals" */ = {
			isa = XCConfigurationList;
			buildConfigurations = (
				92F4AEE52EF163FF00C516A8 /* Debug */,
				92F4AEE62EF163FF00C516A8 /* Release */,
			);
			defaultConfigurationIsVisible = 0;
			defaultConfigurationName = Release;
		};
		92F4AEE22EF163FF00C516A8 /* Build configuration list for PBXNativeTarget "Metal_Fundamentals" */ = {
			isa = XCConfigurationList;
			buildConfigurations = (
				92F4AEE32EF163FF00C516A8 /* Debug */,
				92F4AEE42EF163FF00C516A8 /* Release */,
			);
			defaultConfigurationIsVisible = 0;
			defaultConfigurationName = Release;
		};
		92F4AEE72EF163FF00C516A8 /* Build configuration list for PBXNativeTarget "Metal_FundamentalsTests" */ = {
			isa = XCConfigurationList;
			buildConfigurations = (
				92F4AEE82EF163FF00C516A8 /* Debug */,
				92F4AEE92EF163FF00C516A8 /* Release */,
			);
			defaultConfigurationIsVisible = 0;
			defaultConfigurationName = Release;
		};
		92F4AEEA2EF163FF00C516A8 /* Build configuration list for PBXNativeTarget "Metal_FundamentalsUITests" */ = {
			isa = XCConfigurationList;
			buildConfigurations = (
				92F4AEEB2EF163FF00C516A8 /* Debug */,
				92F4AEEC2EF163FF00C516A8 /* Release */,
			);
			defaultConfigurationIsVisible = 0;
			defaultConfigurationName = Release;
		};
/* End XCConfigurationList section */
	};
	rootObject = 92F4AEB12EF163FE00C516A8 /* Project object */;
}
